// !$*UTF8*$!
{
	archiveVersion = 1;
	classes = {
	};
	objectVersion = 56;
	objects = {

/* Begin PBXBuildFile section */
		7020B87E28E10FAE00D22823 /* test.swift in Sources */ = {isa = PBXBuildFile; fileRef = 7020B87D28E10FAE00D22823 /* test.swift */; };
		7020B88028E11C6000D22823 /* testfile.swift in Sources */ = {isa = PBXBuildFile; fileRef = 7020B87F28E11C6000D22823 /* testfile.swift */; };
		705392AD28D92AD50061502F /* AppDelegate.swift in Sources */ = {isa = PBXBuildFile; fileRef = 705392AC28D92AD50061502F /* AppDelegate.swift */; };
		705392AF28D92AD50061502F /* SceneDelegate.swift in Sources */ = {isa = PBXBuildFile; fileRef = 705392AE28D92AD50061502F /* SceneDelegate.swift */; };
		705392B128D92AD50061502F /* ViewController.swift in Sources */ = {isa = PBXBuildFile; fileRef = 705392B028D92AD50061502F /* ViewController.swift */; };
		705392B428D92AD50061502F /* Main.storyboard in Resources */ = {isa = PBXBuildFile; fileRef = 705392B228D92AD50061502F /* Main.storyboard */; };
		705392B628D92AD50061502F /* Assets.xcassets in Resources */ = {isa = PBXBuildFile; fileRef = 705392B528D92AD50061502F /* Assets.xcassets */; };
		705392B928D92AD50061502F /* LaunchScreen.storyboard in Resources */ = {isa = PBXBuildFile; fileRef = 705392B728D92AD50061502F /* LaunchScreen.storyboard */; };
		705392C428D92AD50061502F /* MAPD714_F02022_Week3Tests.swift in Sources */ = {isa = PBXBuildFile; fileRef = 705392C328D92AD50061502F /* MAPD714_F02022_Week3Tests.swift */; };
		705392CE28D92AD60061502F /* MAPD714_F02022_Week3UITests.swift in Sources */ = {isa = PBXBuildFile; fileRef = 705392CD28D92AD60061502F /* MAPD714_F02022_Week3UITests.swift */; };
		705392D028D92AD60061502F /* MAPD714_F02022_Week3UITestsLaunchTests.swift in Sources */ = {isa = PBXBuildFile; fileRef = 705392CF28D92AD60061502F /* MAPD714_F02022_Week3UITestsLaunchTests.swift */; };
/* End PBXBuildFile section */

/* Begin PBXContainerItemProxy section */
		705392C028D92AD50061502F /* PBXContainerItemProxy */ = {
			isa = PBXContainerItemProxy;
			containerPortal = 705392A128D92AD50061502F /* Project object */;
			proxyType = 1;
			remoteGlobalIDString = 705392A828D92AD50061502F;
			remoteInfo = "MAPD714-F02022-Week3";
		};
		705392CA28D92AD60061502F /* PBXContainerItemProxy */ = {
			isa = PBXContainerItemProxy;
			containerPortal = 705392A128D92AD50061502F /* Project object */;
			proxyType = 1;
			remoteGlobalIDString = 705392A828D92AD50061502F;
			remoteInfo = "MAPD714-F02022-Week3";
		};
/* End PBXContainerItemProxy section */

/* Begin PBXFileReference section */
		7020B87D28E10FAE00D22823 /* test.swift */ = {isa = PBXFileReference; lastKnownFileType = sourcecode.swift; path = test.swift; sourceTree = "<group>"; };
		7020B87F28E11C6000D22823 /* testfile.swift */ = {isa = PBXFileReference; lastKnownFileType = sourcecode.swift; path = testfile.swift; sourceTree = "<group>"; };
		705392A928D92AD50061502F /* MAPD714-F02022-Week3.app */ = {isa = PBXFileReference; explicitFileType = wrapper.application; includeInIndex = 0; path = "MAPD714-F02022-Week3.app"; sourceTree = BUILT_PRODUCTS_DIR; };
		705392AC28D92AD50061502F /* AppDelegate.swift */ = {isa = PBXFileReference; lastKnownFileType = sourcecode.swift; path = AppDelegate.swift; sourceTree = "<group>"; };
		705392AE28D92AD50061502F /* SceneDelegate.swift */ = {isa = PBXFileReference; lastKnownFileType = sourcecode.swift; path = SceneDelegate.swift; sourceTree = "<group>"; };
		705392B028D92AD50061502F /* ViewController.swift */ = {isa = PBXFileReference; lastKnownFileType = sourcecode.swift; path = ViewController.swift; sourceTree = "<group>"; };
		705392B328D92AD50061502F /* Base */ = {isa = PBXFileReference; lastKnownFileType = file.storyboard; name = Base; path = Base.lproj/Main.storyboard; sourceTree = "<group>"; };
		705392B528D92AD50061502F /* Assets.xcassets */ = {isa = PBXFileReference; lastKnownFileType = folder.assetcatalog; path = Assets.xcassets; sourceTree = "<group>"; };
		705392B828D92AD50061502F /* Base */ = {isa = PBXFileReference; lastKnownFileType = file.storyboard; name = Base; path = Base.lproj/LaunchScreen.storyboard; sourceTree = "<group>"; };
		705392BA28D92AD50061502F /* Info.plist */ = {isa = PBXFileReference; lastKnownFileType = text.plist.xml; path = Info.plist; sourceTree = "<group>"; };
		705392BF28D92AD50061502F /* MAPD714-F02022-Week3Tests.xctest */ = {isa = PBXFileReference; explicitFileType = wrapper.cfbundle; includeInIndex = 0; path = "MAPD714-F02022-Week3Tests.xctest"; sourceTree = BUILT_PRODUCTS_DIR; };
		705392C328D92AD50061502F /* MAPD714_F02022_Week3Tests.swift */ = {isa = PBXFileReference; lastKnownFileType = sourcecode.swift; path = MAPD714_F02022_Week3Tests.swift; sourceTree = "<group>"; };
		705392C928D92AD60061502F /* MAPD714-F02022-Week3UITests.xctest */ = {isa = PBXFileReference; explicitFileType = wrapper.cfbundle; includeInIndex = 0; path = "MAPD714-F02022-Week3UITests.xctest"; sourceTree = BUILT_PRODUCTS_DIR; };
		705392CD28D92AD60061502F /* MAPD714_F02022_Week3UITests.swift */ = {isa = PBXFileReference; lastKnownFileType = sourcecode.swift; path = MAPD714_F02022_Week3UITests.swift; sourceTree = "<group>"; };
		705392CF28D92AD60061502F /* MAPD714_F02022_Week3UITestsLaunchTests.swift */ = {isa = PBXFileReference; lastKnownFileType = sourcecode.swift; path = MAPD714_F02022_Week3UITestsLaunchTests.swift; sourceTree = "<group>"; };
/* End PBXFileReference section */

/* Begin PBXFrameworksBuildPhase section */
		705392A628D92AD50061502F /* Frameworks */ = {
			isa = PBXFrameworksBuildPhase;
			buildActionMask = 2147483647;
			files = (
			);
			runOnlyForDeploymentPostprocessing = 0;
		};
		705392BC28D92AD50061502F /* Frameworks */ = {
			isa = PBXFrameworksBuildPhase;
			buildActionMask = 2147483647;
			files = (
			);
			runOnlyForDeploymentPostprocessing = 0;
		};
		705392C628D92AD60061502F /* Frameworks */ = {
			isa = PBXFrameworksBuildPhase;
			buildActionMask = 2147483647;
			files = (
			);
			runOnlyForDeploymentPostprocessing = 0;
		};
/* End PBXFrameworksBuildPhase section */

/* Begin PBXGroup section */
		705392A028D92AD50061502F = {
			isa = PBXGroup;
			children = (
				705392AB28D92AD50061502F /* MAPD714-F02022-Week3 */,
				705392C228D92AD50061502F /* MAPD714-F02022-Week3Tests */,
				705392CC28D92AD60061502F /* MAPD714-F02022-Week3UITests */,
				705392AA28D92AD50061502F /* Products */,
			);
			sourceTree = "<group>";
		};
		705392AA28D92AD50061502F /* Products */ = {
			isa = PBXGroup;
			children = (
				705392A928D92AD50061502F /* MAPD714-F02022-Week3.app */,
				705392BF28D92AD50061502F /* MAPD714-F02022-Week3Tests.xctest */,
				705392C928D92AD60061502F /* MAPD714-F02022-Week3UITests.xctest */,
			);
			name = Products;
			sourceTree = "<group>";
		};
		705392AB28D92AD50061502F /* MAPD714-F02022-Week3 */ = {
			isa = PBXGroup;
			children = (
				7020B87F28E11C6000D22823 /* testfile.swift */,
				705392AC28D92AD50061502F /* AppDelegate.swift */,
				705392AE28D92AD50061502F /* SceneDelegate.swift */,
				705392B028D92AD50061502F /* ViewController.swift */,
				705392B228D92AD50061502F /* Main.storyboard */,
				7020B87D28E10FAE00D22823 /* test.swift */,
				705392B528D92AD50061502F /* Assets.xcassets */,
				705392B728D92AD50061502F /* LaunchScreen.storyboard */,
				705392BA28D92AD50061502F /* Info.plist */,
			);
			path = "MAPD714-F02022-Week3";
			sourceTree = "<group>";
		};
		705392C228D92AD50061502F /* MAPD714-F02022-Week3Tests */ = {
			isa = PBXGroup;
			children = (
				705392C328D92AD50061502F /* MAPD714_F02022_Week3Tests.swift */,
			);
			path = "MAPD714-F02022-Week3Tests";
			sourceTree = "<group>";
		};
		705392CC28D92AD60061502F /* MAPD714-F02022-Week3UITests */ = {
			isa = PBXGroup;
			children = (
				705392CD28D92AD60061502F /* MAPD714_F02022_Week3UITests.swift */,
				705392CF28D92AD60061502F /* MAPD714_F02022_Week3UITestsLaunchTests.swift */,
			);
			path = "MAPD714-F02022-Week3UITests";
			sourceTree = "<group>";
		};
/* End PBXGroup section */

/* Begin PBXNativeTarget section */
		705392A828D92AD50061502F /* MAPD714-F02022-Week3 */ = {
			isa = PBXNativeTarget;
			buildConfigurationList = 705392D328D92AD60061502F /* Build configuration list for PBXNativeTarget "MAPD714-F02022-Week3" */;
			buildPhases = (
				705392A528D92AD50061502F /* Sources */,
				705392A628D92AD50061502F /* Frameworks */,
				705392A728D92AD50061502F /* Resources */,
			);
			buildRules = (
			);
			dependencies = (
			);
			name = "MAPD714-F02022-Week3";
			productName = "MAPD714-F02022-Week3";
			productReference = 705392A928D92AD50061502F /* MAPD714-F02022-Week3.app */;
			productType = "com.apple.product-type.application";
		};
		705392BE28D92AD50061502F /* MAPD714-F02022-Week3Tests */ = {
			isa = PBXNativeTarget;
			buildConfigurationList = 705392D628D92AD60061502F /* Build configuration list for PBXNativeTarget "MAPD714-F02022-Week3Tests" */;
			buildPhases = (
				705392BB28D92AD50061502F /* Sources */,
				705392BC28D92AD50061502F /* Frameworks */,
				705392BD28D92AD50061502F /* Resources */,
			);
			buildRules = (
			);
			dependencies = (
				705392C128D92AD50061502F /* PBXTargetDependency */,
			);
			name = "MAPD714-F02022-Week3Tests";
			productName = "MAPD714-F02022-Week3Tests";
			productReference = 705392BF28D92AD50061502F /* MAPD714-F02022-Week3Tests.xctest */;
			productType = "com.apple.product-type.bundle.unit-test";
		};
		705392C828D92AD60061502F /* MAPD714-F02022-Week3UITests */ = {
			isa = PBXNativeTarget;
			buildConfigurationList = 705392D928D92AD60061502F /* Build configuration list for PBXNativeTarget "MAPD714-F02022-Week3UITests" */;
			buildPhases = (
				705392C528D92AD60061502F /* Sources */,
				705392C628D92AD60061502F /* Frameworks */,
				705392C728D92AD60061502F /* Resources */,
			);
			buildRules = (
			);
			dependencies = (
				705392CB28D92AD60061502F /* PBXTargetDependency */,
			);
			name = "MAPD714-F02022-Week3UITests";
			productName = "MAPD714-F02022-Week3UITests";
			productReference = 705392C928D92AD60061502F /* MAPD714-F02022-Week3UITests.xctest */;
			productType = "com.apple.product-type.bundle.ui-testing";
		};
/* End PBXNativeTarget section */

/* Begin PBXProject section */
		705392A128D92AD50061502F /* Project object */ = {
			isa = PBXProject;
			attributes = {
				BuildIndependentTargetsInParallel = 1;
				LastSwiftUpdateCheck = 1400;
				LastUpgradeCheck = 1400;
				TargetAttributes = {
					705392A828D92AD50061502F = {
						CreatedOnToolsVersion = 14.0;
					};
					705392BE28D92AD50061502F = {
						CreatedOnToolsVersion = 14.0;
						TestTargetID = 705392A828D92AD50061502F;
					};
					705392C828D92AD60061502F = {
						CreatedOnToolsVersion = 14.0;
						TestTargetID = 705392A828D92AD50061502F;
					};
				};
			};
			buildConfigurationList = 705392A428D92AD50061502F /* Build configuration list for PBXProject "MAPD714-F02022-Week3" */;
			compatibilityVersion = "Xcode 14.0";
			developmentRegion = en;
			hasScannedForEncodings = 0;
			knownRegions = (
				en,
				Base,
			);
			mainGroup = 705392A028D92AD50061502F;
			productRefGroup = 705392AA28D92AD50061502F /* Products */;
			projectDirPath = "";
			projectRoot = "";
			targets = (
				705392A828D92AD50061502F /* MAPD714-F02022-Week3 */,
				705392BE28D92AD50061502F /* MAPD714-F02022-Week3Tests */,
				705392C828D92AD60061502F /* MAPD714-F02022-Week3UITests */,
			);
		};
/* End PBXProject section */

/* Begin PBXResourcesBuildPhase section */
		705392A728D92AD50061502F /* Resources */ = {
			isa = PBXResourcesBuildPhase;
			buildActionMask = 2147483647;
			files = (
				705392B928D92AD50061502F /* LaunchScreen.storyboard in Resources */,
				705392B628D92AD50061502F /* Assets.xcassets in Resources */,
				705392B428D92AD50061502F /* Main.storyboard in Resources */,
			);
			runOnlyForDeploymentPostprocessing = 0;
		};
		705392BD28D92AD50061502F /* Resources */ = {
			isa = PBXResourcesBuildPhase;
			buildActionMask = 2147483647;
			files = (
			);
			runOnlyForDeploymentPostprocessing = 0;
		};
		705392C728D92AD60061502F /* Resources */ = {
			isa = PBXResourcesBuildPhase;
			buildActionMask = 2147483647;
			files = (
			);
			runOnlyForDeploymentPostprocessing = 0;
		};
/* End PBXResourcesBuildPhase section */

/* Begin PBXSourcesBuildPhase section */
		705392A528D92AD50061502F /* Sources */ = {
			isa = PBXSourcesBuildPhase;
			buildActionMask = 2147483647;
			files = (
				705392B128D92AD50061502F /* ViewController.swift in Sources */,
				7020B88028E11C6000D22823 /* testfile.swift in Sources */,
				7020B87E28E10FAE00D22823 /* test.swift in Sources */,
				705392AD28D92AD50061502F /* AppDelegate.swift in Sources */,
				705392AF28D92AD50061502F /* SceneDelegate.swift in Sources */,
			);
			runOnlyForDeploymentPostprocessing = 0;
		};
		705392BB28D92AD50061502F /* Sources */ = {
			isa = PBXSourcesBuildPhase;
			buildActionMask = 2147483647;
			files = (
				705392C428D92AD50061502F /* MAPD714_F02022_Week3Tests.swift in Sources */,
			);
			runOnlyForDeploymentPostprocessing = 0;
		};
		705392C528D92AD60061502F /* Sources */ = {
			isa = PBXSourcesBuildPhase;
			buildActionMask = 2147483647;
			files = (
				705392CE28D92AD60061502F /* MAPD714_F02022_Week3UITests.swift in Sources */,
				705392D028D92AD60061502F /* MAPD714_F02022_Week3UITestsLaunchTests.swift in Sources */,
			);
			runOnlyForDeploymentPostprocessing = 0;
		};
/* End PBXSourcesBuildPhase section */

/* Begin PBXTargetDependency section */
		705392C128D92AD50061502F /* PBXTargetDependency */ = {
			isa = PBXTargetDependency;
			target = 705392A828D92AD50061502F /* MAPD714-F02022-Week3 */;
			targetProxy = 705392C028D92AD50061502F /* PBXContainerItemProxy */;
		};
		705392CB28D92AD60061502F /* PBXTargetDependency */ = {
			isa = PBXTargetDependency;
			target = 705392A828D92AD50061502F /* MAPD714-F02022-Week3 */;
			targetProxy = 705392CA28D92AD60061502F /* PBXContainerItemProxy */;
		};
/* End PBXTargetDependency section */

/* Begin PBXVariantGroup section */
		705392B228D92AD50061502F /* Main.storyboard */ = {
			isa = PBXVariantGroup;
			children = (
				705392B328D92AD50061502F /* Base */,
			);
			name = Main.storyboard;
			sourceTree = "<group>";
		};
		705392B728D92AD50061502F /* LaunchScreen.storyboard */ = {
			isa = PBXVariantGroup;
			children = (
				705392B828D92AD50061502F /* Base */,
			);
			name = LaunchScreen.storyboard;
			sourceTree = "<group>";
		};
/* End PBXVariantGroup section */

/* Begin XCBuildConfiguration section */
		705392D128D92AD60061502F /* Debug */ = {
			isa = XCBuildConfiguration;
			buildSettings = {
				ALWAYS_SEARCH_USER_PATHS = NO;
				CLANG_ANALYZER_NONNULL = YES;
				CLANG_ANALYZER_NUMBER_OBJECT_CONVERSION = YES_AGGRESSIVE;
				CLANG_CXX_LANGUAGE_STANDARD = "gnu++20";
				CLANG_ENABLE_MODULES = YES;
				CLANG_ENABLE_OBJC_ARC = YES;
				CLANG_ENABLE_OBJC_WEAK = YES;
				CLANG_WARN_BLOCK_CAPTURE_AUTORELEASING = YES;
				CLANG_WARN_BOOL_CONVERSION = YES;
				CLANG_WARN_COMMA = YES;
				CLANG_WARN_CONSTANT_CONVERSION = YES;
				CLANG_WARN_DEPRECATED_OBJC_IMPLEMENTATIONS = YES;
				CLANG_WARN_DIRECT_OBJC_ISA_USAGE = YES_ERROR;
				CLANG_WARN_DOCUMENTATION_COMMENTS = YES;
				CLANG_WARN_EMPTY_BODY = YES;
				CLANG_WARN_ENUM_CONVERSION = YES;
				CLANG_WARN_INFINITE_RECURSION = YES;
				CLANG_WARN_INT_CONVERSION = YES;
				CLANG_WARN_NON_LITERAL_NULL_CONVERSION = YES;
				CLANG_WARN_OBJC_IMPLICIT_RETAIN_SELF = YES;
				CLANG_WARN_OBJC_LITERAL_CONVERSION = YES;
				CLANG_WARN_OBJC_ROOT_CLASS = YES_ERROR;
				CLANG_WARN_QUOTED_INCLUDE_IN_FRAMEWORK_HEADER = YES;
				CLANG_WARN_RANGE_LOOP_ANALYSIS = YES;
				CLANG_WARN_STRICT_PROTOTYPES = YES;
				CLANG_WARN_SUSPICIOUS_MOVE = YES;
				CLANG_WARN_UNGUARDED_AVAILABILITY = YES_AGGRESSIVE;
				CLANG_WARN_UNREACHABLE_CODE = YES;
				CLANG_WARN__DUPLICATE_METHOD_MATCH = YES;
				COPY_PHASE_STRIP = NO;
				DEBUG_INFORMATION_FORMAT = dwarf;
				ENABLE_STRICT_OBJC_MSGSEND = YES;
				ENABLE_TESTABILITY = YES;
				GCC_C_LANGUAGE_STANDARD = gnu11;
				GCC_DYNAMIC_NO_PIC = NO;
				GCC_NO_COMMON_BLOCKS = YES;
				GCC_OPTIMIZATION_LEVEL = 0;
				GCC_PREPROCESSOR_DEFINITIONS = (
					"DEBUG=1",
					"$(inherited)",
				);
				GCC_WARN_64_TO_32_BIT_CONVERSION = YES;
				GCC_WARN_ABOUT_RETURN_TYPE = YES_ERROR;
				GCC_WARN_UNDECLARED_SELECTOR = YES;
				GCC_WARN_UNINITIALIZED_AUTOS = YES_AGGRESSIVE;
				GCC_WARN_UNUSED_FUNCTION = YES;
				GCC_WARN_UNUSED_VARIABLE = YES;
				IPHONEOS_DEPLOYMENT_TARGET = 16.0;
				MTL_ENABLE_DEBUG_INFO = INCLUDE_SOURCE;
				MTL_FAST_MATH = YES;
				ONLY_ACTIVE_ARCH = YES;
				SDKROOT = iphoneos;
				SWIFT_ACTIVE_COMPILATION_CONDITIONS = DEBUG;
				SWIFT_OPTIMIZATION_LEVEL = "-Onone";
			};
			name = Debug;
		};
		705392D228D92AD60061502F /* Release */ = {
			isa = XCBuildConfiguration;
			buildSettings = {
				ALWAYS_SEARCH_USER_PATHS = NO;
				CLANG_ANALYZER_NONNULL = YES;
				CLANG_ANALYZER_NUMBER_OBJECT_CONVERSION = YES_AGGRESSIVE;
				CLANG_CXX_LANGUAGE_STANDARD = "gnu++20";
				CLANG_ENABLE_MODULES = YES;
				CLANG_ENABLE_OBJC_ARC = YES;
				CLANG_ENABLE_OBJC_WEAK = YES;
				CLANG_WARN_BLOCK_CAPTURE_AUTORELEASING = YES;
				CLANG_WARN_BOOL_CONVERSION = YES;
				CLANG_WARN_COMMA = YES;
				CLANG_WARN_CONSTANT_CONVERSION = YES;
				CLANG_WARN_DEPRECATED_OBJC_IMPLEMENTATIONS = YES;
				CLANG_WARN_DIRECT_OBJC_ISA_USAGE = YES_ERROR;
				CLANG_WARN_DOCUMENTATION_COMMENTS = YES;
				CLANG_WARN_EMPTY_BODY = YES;
				CLANG_WARN_ENUM_CONVERSION = YES;
				CLANG_WARN_INFINITE_RECURSION = YES;
				CLANG_WARN_INT_CONVERSION = YES;
				CLANG_WARN_NON_LITERAL_NULL_CONVERSION = YES;
				CLANG_WARN_OBJC_IMPLICIT_RETAIN_SELF = YES;
				CLANG_WARN_OBJC_LITERAL_CONVERSION = YES;
				CLANG_WARN_OBJC_ROOT_CLASS = YES_ERROR;
				CLANG_WARN_QUOTED_INCLUDE_IN_FRAMEWORK_HEADER = YES;
				CLANG_WARN_RANGE_LOOP_ANALYSIS = YES;
				CLANG_WARN_STRICT_PROTOTYPES = YES;
				CLANG_WARN_SUSPICIOUS_MOVE = YES;
				CLANG_WARN_UNGUARDED_AVAILABILITY = YES_AGGRESSIVE;
				CLANG_WARN_UNREACHABLE_CODE = YES;
				CLANG_WARN__DUPLICATE_METHOD_MATCH = YES;
				COPY_PHASE_STRIP = NO;
				DEBUG_INFORMATION_FORMAT = "dwarf-with-dsym";
				ENABLE_NS_ASSERTIONS = NO;
				ENABLE_STRICT_OBJC_MSGSEND = YES;
				GCC_C_LANGUAGE_STANDARD = gnu11;
				GCC_NO_COMMON_BLOCKS = YES;
				GCC_WARN_64_TO_32_BIT_CONVERSION = YES;
				GCC_WARN_ABOUT_RETURN_TYPE = YES_ERROR;
				GCC_WARN_UNDECLARED_SELECTOR = YES;
				GCC_WARN_UNINITIALIZED_AUTOS = YES_AGGRESSIVE;
				GCC_WARN_UNUSED_FUNCTION = YES;
				GCC_WARN_UNUSED_VARIABLE = YES;
				IPHONEOS_DEPLOYMENT_TARGET = 16.0;
				MTL_ENABLE_DEBUG_INFO = NO;
				MTL_FAST_MATH = YES;
				SDKROOT = iphoneos;
				SWIFT_COMPILATION_MODE = wholemodule;
				SWIFT_OPTIMIZATION_LEVEL = "-O";
				VALIDATE_PRODUCT = YES;
			};
			name = Release;
		};
		705392D428D92AD60061502F /* Debug */ = {
			isa = XCBuildConfiguration;
			buildSettings = {
				ASSETCATALOG_COMPILER_APPICON_NAME = AppIcon;
				ASSETCATALOG_COMPILER_GLOBAL_ACCENT_COLOR_NAME = AccentColor;
				CODE_SIGN_STYLE = Automatic;
				CURRENT_PROJECT_VERSION = 1;
				GENERATE_INFOPLIST_FILE = YES;
				INFOPLIST_FILE = "MAPD714-F02022-Week3/Info.plist";
				INFOPLIST_KEY_UIApplicationSupportsIndirectInputEvents = YES;
				INFOPLIST_KEY_UILaunchStoryboardName = LaunchScreen;
				INFOPLIST_KEY_UIMainStoryboardFile = Main;
				INFOPLIST_KEY_UIStatusBarStyle = "";
				INFOPLIST_KEY_UISupportedInterfaceOrientations = "UIInterfaceOrientationLandscapeLeft UIInterfaceOrientationLandscapeRight UIInterfaceOrientationPortrait";
				INFOPLIST_KEY_UISupportedInterfaceOrientations_iPad = UIInterfaceOrientationPortrait;
				LD_RUNPATH_SEARCH_PATHS = (
					"$(inherited)",
					"@executable_path/Frameworks",
				);
				MARKETING_VERSION = 1.0;
				PRODUCT_BUNDLE_IDENTIFIER = "ca.centennnialcollege.MAPD714-F02022-Week3";
				PRODUCT_NAME = "$(TARGET_NAME)";
				SWIFT_EMIT_LOC_STRINGS = YES;
				SWIFT_VERSION = 5.0;
				TARGETED_DEVICE_FAMILY = "1,2";
			};
			name = Debug;
		};
		705392D528D92AD60061502F /* Release */ = {
			isa = XCBuildConfiguration;
			buildSettings = {
				ASSETCATALOG_COMPILER_APPICON_NAME = AppIcon;
				ASSETCATALOG_COMPILER_GLOBAL_ACCENT_COLOR_NAME = AccentColor;
				CODE_SIGN_STYLE = Automatic;
				CURRENT_PROJECT_VERSION = 1;
				GENERATE_INFOPLIST_FILE = YES;
				INFOPLIST_FILE = "MAPD714-F02022-Week3/Info.plist";
				INFOPLIST_KEY_UIApplicationSupportsIndirectInputEvents = YES;
				INFOPLIST_KEY_UILaunchStoryboardName = LaunchScreen;
				INFOPLIST_KEY_UIMainStoryboardFile = Main;
				INFOPLIST_KEY_UIStatusBarStyle = "";
				INFOPLIST_KEY_UISupportedInterfaceOrientations = "UIInterfaceOrientationLandscapeLeft UIInterfaceOrientationLandscapeRight UIInterfaceOrientationPortrait";
				INFOPLIST_KEY_UISupportedInterfaceOrientations_iPad = UIInterfaceOrientationPortrait;
				LD_RUNPATH_SEARCH_PATHS = (
					"$(inherited)",
					"@executable_path/Frameworks",
				);
				MARKETING_VERSION = 1.0;
				PRODUCT_BUNDLE_IDENTIFIER = "ca.centennnialcollege.MAPD714-F02022-Week3";
				PRODUCT_NAME = "$(TARGET_NAME)";
				SWIFT_EMIT_LOC_STRINGS = YES;
				SWIFT_VERSION = 5.0;
				TARGETED_DEVICE_FAMILY = "1,2";
			};
			name = Release;
		};
		705392D728D92AD60061502F /* Debug */ = {
			isa = XCBuildConfiguration;
			buildSettings = {
				ALWAYS_EMBED_SWIFT_STANDARD_LIBRARIES = YES;
				BUNDLE_LOADER = "$(TEST_HOST)";
				CODE_SIGN_STYLE = Automatic;
				CURRENT_PROJECT_VERSION = 1;
				GENERATE_INFOPLIST_FILE = YES;
				IPHONEOS_DEPLOYMENT_TARGET = 16.0;
				MARKETING_VERSION = 1.0;
				PRODUCT_BUNDLE_IDENTIFIER = "com.centennnialcollege.ca.MAPD714-F02022-Week3Tests";
				PRODUCT_NAME = "$(TARGET_NAME)";
				SWIFT_EMIT_LOC_STRINGS = NO;
				SWIFT_VERSION = 5.0;
				TARGETED_DEVICE_FAMILY = "1,2";
				TEST_HOST = "$(BUILT_PRODUCTS_DIR)/MAPD714-F02022-Week3.app/$(BUNDLE_EXECUTABLE_FOLDER_PATH)/MAPD714-F02022-Week3";
			};
			name = Debug;
		};
		705392D828D92AD60061502F /* Release */ = {
			isa = XCBuildConfiguration;
			buildSettings = {
				ALWAYS_EMBED_SWIFT_STANDARD_LIBRARIES = YES;
				BUNDLE_LOADER = "$(TEST_HOST)";
				CODE_SIGN_STYLE = Automatic;
				CURRENT_PROJECT_VERSION = 1;
				GENERATE_INFOPLIST_FILE = YES;
				IPHONEOS_DEPLOYMENT_TARGET = 16.0;
				MARKETING_VERSION = 1.0;
				PRODUCT_BUNDLE_IDENTIFIER = "com.centennnialcollege.ca.MAPD714-F02022-Week3Tests";
				PRODUCT_NAME = "$(TARGET_NAME)";
				SWIFT_EMIT_LOC_STRINGS = NO;
				SWIFT_VERSION = 5.0;
				TARGETED_DEVICE_FAMILY = "1,2";
				TEST_HOST = "$(BUILT_PRODUCTS_DIR)/MAPD714-F02022-Week3.app/$(BUNDLE_EXECUTABLE_FOLDER_PATH)/MAPD714-F02022-Week3";
			};
			name = Release;
		};
		705392DA28D92AD60061502F /* Debug */ = {
			isa = XCBuildConfiguration;
			buildSettings = {
				ALWAYS_EMBED_SWIFT_STANDARD_LIBRARIES = YES;
				CODE_SIGN_STYLE = Automatic;
				CURRENT_PROJECT_VERSION = 1;
				GENERATE_INFOPLIST_FILE = YES;
				MARKETING_VERSION = 1.0;
				PRODUCT_BUNDLE_IDENTIFIER = "com.centennnialcollege.ca.MAPD714-F02022-Week3UITests";
				PRODUCT_NAME = "$(TARGET_NAME)";
				SWIFT_EMIT_LOC_STRINGS = NO;
				SWIFT_VERSION = 5.0;
				TARGETED_DEVICE_FAMILY = "1,2";
				TEST_TARGET_NAME = "MAPD714-F02022-Week3";
			};
			name = Debug;
		};
		705392DB28D92AD60061502F /* Release */ = {
			isa = XCBuildConfiguration;
			buildSettings = {
				ALWAYS_EMBED_SWIFT_STANDARD_LIBRARIES = YES;
				CODE_SIGN_STYLE = Automatic;
				CURRENT_PROJECT_VERSION = 1;
				GENERATE_INFOPLIST_FILE = YES;
				MARKETING_VERSION = 1.0;
				PRODUCT_BUNDLE_IDENTIFIER = "com.centennnialcollege.ca.MAPD714-F02022-Week3UITests";
				PRODUCT_NAME = "$(TARGET_NAME)";
				SWIFT_EMIT_LOC_STRINGS = NO;
				SWIFT_VERSION = 5.0;
				TARGETED_DEVICE_FAMILY = "1,2";
				TEST_TARGET_NAME = "MAPD714-F02022-Week3";
			};
			name = Release;
		};
/* End XCBuildConfiguration section */

/* Begin XCConfigurationList section */
		705392A428D92AD50061502F /* Build configuration list for PBXProject "MAPD714-F02022-Week3" */ = {
			isa = XCConfigurationList;
			buildConfigurations = (
				705392D128D92AD60061502F /* Debug */,
				705392D228D92AD60061502F /* Release */,
			);
			defaultConfigurationIsVisible = 0;
			defaultConfigurationName = Release;
		};
		705392D328D92AD60061502F /* Build configuration list for PBXNativeTarget "MAPD714-F02022-Week3" */ = {
			isa = XCConfigurationList;
			buildConfigurations = (
				705392D428D92AD60061502F /* Debug */,
				705392D528D92AD60061502F /* Release */,
			);
			defaultConfigurationIsVisible = 0;
			defaultConfigurationName = Release;
		};
		705392D628D92AD60061502F /* Build configuration list for PBXNativeTarget "MAPD714-F02022-Week3Tests" */ = {
			isa = XCConfigurationList;
			buildConfigurations = (
				705392D728D92AD60061502F /* Debug */,
				705392D828D92AD60061502F /* Release */,
			);
			defaultConfigurationIsVisible = 0;
			defaultConfigurationName = Release;
		};
		705392D928D92AD60061502F /* Build configuration list for PBXNativeTarget "MAPD714-F02022-Week3UITests" */ = {
			isa = XCConfigurationList;
			buildConfigurations = (
				705392DA28D92AD60061502F /* Debug */,
				705392DB28D92AD60061502F /* Release */,
			);
			defaultConfigurationIsVisible = 0;
			defaultConfigurationName = Release;
		};
/* End XCConfigurationList section */
	};
	rootObject = 705392A128D92AD50061502F /* Project object */;
}
